
Microsoft Visual Studio Solution File, Format Version 12.00
Project("{FAE04EC0-301F-11D3-BF4B-00C04F79EFBC}") = "rock_paper_scissors", "rock_paper_scissors\rock_paper_scissors.csproj", "{9C04E255-A9A4-4243-8FE4-E4892C722625}"
EndProject
Global
	GlobalSection(SolutionConfigurationPlatforms) = preSolution
		Debug|Any CPU = Debug|Any CPU
		Release|Any CPU = Release|Any CPU
	EndGlobalSection
	GlobalSection(ProjectConfigurationPlatforms) = postSolution
		{9C04E255-A9A4-4243-8FE4-E4892C722625}.Debug|Any CPU.ActiveCfg = Debug|Any CPU
		{9C04E255-A9A4-4243-8FE4-E4892C722625}.Debug|Any CPU.Build.0 = Debug|Any CPU
		{9C04E255-A9A4-4243-8FE4-E4892C722625}.Release|Any CPU.ActiveCfg = Release|Any CPU
		{9C04E255-A9A4-4243-8FE4-E4892C722625}.Release|Any CPU.Build.0 = Release|Any CPU
	EndGlobalSection
EndGlobal
